
Microsoft Visual Studio Solution File, Format Version 12.00
# Visual Studio 15
VisualStudioVersion = 15.0.27428.2037
MinimumVisualStudioVersion = 10.0.40219.1
Project("{FAE04EC0-301F-11D3-BF4B-00C04F79EFBC}") = "AsilCinemaTicketAutomation", "AsilCinemaTicketAutomation.csproj", "{C50A3FB5-2B43-4B88-9C27-F87259B3D5FF}"
EndProject
Global
	GlobalSection(SolutionConfigurationPlatforms) = preSolution
		Debug|Any CPU = Debug|Any CPU
		Release|Any CPU = Release|Any CPU
	EndGlobalSection
	GlobalSection(ProjectConfigurationPlatforms) = postSolution
		{C50A3FB5-2B43-4B88-9C27-F87259B3D5FF}.Debug|Any CPU.ActiveCfg = Debug|Any CPU
		{C50A3FB5-2B43-4B88-9C27-F87259B3D5FF}.Debug|Any CPU.Build.0 = Debug|Any CPU
		{C50A3FB5-2B43-4B88-9C27-F87259B3D5FF}.Release|Any CPU.ActiveCfg = Release|Any CPU
		{C50A3FB5-2B43-4B88-9C27-F87259B3D5FF}.Release|Any CPU.Build.0 = Release|Any CPU
	EndGlobalSection
	GlobalSection(SolutionProperties) = preSolution
		HideSolutionNode = FALSE
	EndGlobalSection
	GlobalSection(ExtensibilityGlobals) = postSolution
		SolutionGuid = {3A24A416-2D16-4A44-9761-2322E859A7A9}
	EndGlobalSection
EndGlobal
